{
  "schema_version": 3,
  "root": {
    "name": "library-package-example",
    "version": "0.1.0",
    "manifest_sha256": "84f37b8b0a4c3db3c8c6b6d72a44f8212223e28fffbf700603f18610e9bdd395",
    "source": {
      "kind": "root"
    },
    "managed_adapter": null,
    "dependencies": {
      "validation": "../text-validation"
    }
  },
  "packages": [
    {
      "path": "../text-validation",
      "name": "text-validation",
      "version": "0.1.0",
      "source": {
        "kind": "path",
        "path": "../text-validation"
      },
      "content_sha256": "a1f615275721f0134e2711773cca7c2ebc9350a3b3cb9c263b0cbc05aa1cce30",
      "managed_adapter": null,
      "dependencies": {}
    }
  ]
}
