{
  "schema_version": 3,
  "root": {
    "name": "scan-cli",
    "version": "0.1.0",
    "manifest_sha256": "2c1be1c2d9854b05630b2e5e7ec47237e07e3a29d6dd31f3fe8083449f478e76",
    "source": {
      "kind": "root"
    },
    "managed_adapter": null,
    "dependencies": {
      "validation": "../text-validation"
    }
  },
  "packages": [
    {
      "path": "../text-validation",
      "name": "text-validation",
      "version": "0.1.0",
      "source": {
        "kind": "path",
        "path": "../text-validation"
      },
      "content_sha256": "a1f615275721f0134e2711773cca7c2ebc9350a3b3cb9c263b0cbc05aa1cce30",
      "managed_adapter": null,
      "dependencies": {}
    }
  ]
}
