{
  "schema_version": 1,
  "root": {
    "name": "web-example",
    "version": "0.1.0",
    "manifest_sha256": "19a337e8118917a4bebca3b17747226f59a55c2824c6e6e8a781312bbe41e9a5",
    "dependencies": {
      "validation": "../text-validation"
    }
  },
  "packages": [
    {
      "path": "../text-validation",
      "name": "text-validation",
      "version": "0.1.0",
      "content_sha256": "86033f1b38ab1ea423816dd60d8b6df0547579b94a358ba744f96d8779389e14",
      "dependencies": {}
    }
  ]
}
